// !$*UTF8*$!
{
	archiveVersion = 1;
	classes = {
	};
	objectVersion = 56;
	objects = {

/* Begin PBXBuildFile section */
		524D68A62B4502F40029E000 /* CommentCell.swift in Sources */ = {isa = PBXBuildFile; fileRef = 524D68A52B4502F40029E000 /* CommentCell.swift */; };
		5252AF2B2B059B12000CE6F0 /* AppDelegate.swift in Sources */ = {isa = PBXBuildFile; fileRef = 5252AF2A2B059B12000CE6F0 /* AppDelegate.swift */; };
		5252AF2D2B059B12000CE6F0 /* SceneDelegate.swift in Sources */ = {isa = PBXBuildFile; fileRef = 5252AF2C2B059B12000CE6F0 /* SceneDelegate.swift */; };
		5252AF2F2B059B12000CE6F0 /* ViewController.swift in Sources */ = {isa = PBXBuildFile; fileRef = 5252AF2E2B059B12000CE6F0 /* ViewController.swift */; };
		5252AF322B059B12000CE6F0 /* Main.storyboard in Resources */ = {isa = PBXBuildFile; fileRef = 5252AF302B059B12000CE6F0 /* Main.storyboard */; };
		5252AF342B059B14000CE6F0 /* Assets.xcassets in Resources */ = {isa = PBXBuildFile; fileRef = 5252AF332B059B14000CE6F0 /* Assets.xcassets */; };
		5252AF372B059B14000CE6F0 /* LaunchScreen.storyboard in Resources */ = {isa = PBXBuildFile; fileRef = 5252AF352B059B14000CE6F0 /* LaunchScreen.storyboard */; };
		5252AF422B059B14000CE6F0 /* RedoParstagramAppTests.swift in Sources */ = {isa = PBXBuildFile; fileRef = 5252AF412B059B14000CE6F0 /* RedoParstagramAppTests.swift */; };
		5252AF4C2B059B14000CE6F0 /* RedoParstagramAppUITests.swift in Sources */ = {isa = PBXBuildFile; fileRef = 5252AF4B2B059B14000CE6F0 /* RedoParstagramAppUITests.swift */; };
		5252AF4E2B059B14000CE6F0 /* RedoParstagramAppUITestsLaunchTests.swift in Sources */ = {isa = PBXBuildFile; fileRef = 5252AF4D2B059B14000CE6F0 /* RedoParstagramAppUITestsLaunchTests.swift */; };
		5252AF5B2B05B1C3000CE6F0 /* LoginViewController.swift in Sources */ = {isa = PBXBuildFile; fileRef = 5252AF5A2B05B1C3000CE6F0 /* LoginViewController.swift */; };
		5252AF5D2B05B20F000CE6F0 /* MainFeedViewController.swift in Sources */ = {isa = PBXBuildFile; fileRef = 5252AF5C2B05B20F000CE6F0 /* MainFeedViewController.swift */; };
		5252AF5F2B080E0B000CE6F0 /* CameraViewController.swift in Sources */ = {isa = PBXBuildFile; fileRef = 5252AF5E2B080E0B000CE6F0 /* CameraViewController.swift */; };
		52CF17172B3B601E00BD094A /* PostCell.swift in Sources */ = {isa = PBXBuildFile; fileRef = 52CF17162B3B601E00BD094A /* PostCell.swift */; };
		636450D38CC254A0DEBE7B8B /* Pods_RedoParstagramApp_RedoParstagramAppUITests.framework in Frameworks */ = {isa = PBXBuildFile; fileRef = AEBB7A966BA2D958BDEF12B5 /* Pods_RedoParstagramApp_RedoParstagramAppUITests.framework */; };
		65B68E641B1BDA059363D033 /* Pods_RedoParstagramAppTests.framework in Frameworks */ = {isa = PBXBuildFile; fileRef = E36462D7177A2B7199788CB7 /* Pods_RedoParstagramAppTests.framework */; };
		A906B600E71F3F9D7D61849B /* Pods_RedoParstagramApp.framework in Frameworks */ = {isa = PBXBuildFile; fileRef = 1D254FBD17DB59F7A7FF2AE8 /* Pods_RedoParstagramApp.framework */; };
/* End PBXBuildFile section */

/* Begin PBXContainerItemProxy section */
		5252AF3E2B059B14000CE6F0 /* PBXContainerItemProxy */ = {
			isa = PBXContainerItemProxy;
			containerPortal = 5252AF1F2B059B12000CE6F0 /* Project object */;
			proxyType = 1;
			remoteGlobalIDString = 5252AF262B059B12000CE6F0;
			remoteInfo = RedoParstagramApp;
		};
		5252AF482B059B14000CE6F0 /* PBXContainerItemProxy */ = {
			isa = PBXContainerItemProxy;
			containerPortal = 5252AF1F2B059B12000CE6F0 /* Project object */;
			proxyType = 1;
			remoteGlobalIDString = 5252AF262B059B12000CE6F0;
			remoteInfo = RedoParstagramApp;
		};
/* End PBXContainerItemProxy section */

/* Begin PBXFileReference section */
		1D254FBD17DB59F7A7FF2AE8 /* Pods_RedoParstagramApp.framework */ = {isa = PBXFileReference; explicitFileType = wrapper.framework; includeInIndex = 0; path = Pods_RedoParstagramApp.framework; sourceTree = BUILT_PRODUCTS_DIR; };
		3C778DDE4AB89C62E2598D5D /* Pods-RedoParstagramApp-RedoParstagramAppUITests.debug.xcconfig */ = {isa = PBXFileReference; includeInIndex = 1; lastKnownFileType = text.xcconfig; name = "Pods-RedoParstagramApp-RedoParstagramAppUITests.debug.xcconfig"; path = "Target Support Files/Pods-RedoParstagramApp-RedoParstagramAppUITests/Pods-RedoParstagramApp-RedoParstagramAppUITests.debug.xcconfig"; sourceTree = "<group>"; };
		3E26D84E10CEF990CA315A70 /* Pods-RedoParstagramApp.release.xcconfig */ = {isa = PBXFileReference; includeInIndex = 1; lastKnownFileType = text.xcconfig; name = "Pods-RedoParstagramApp.release.xcconfig"; path = "Target Support Files/Pods-RedoParstagramApp/Pods-RedoParstagramApp.release.xcconfig"; sourceTree = "<group>"; };
		524D68A52B4502F40029E000 /* CommentCell.swift */ = {isa = PBXFileReference; lastKnownFileType = sourcecode.swift; path = CommentCell.swift; sourceTree = "<group>"; };
		5252AF272B059B12000CE6F0 /* RedoParstagramApp.app */ = {isa = PBXFileReference; explicitFileType = wrapper.application; includeInIndex = 0; path = RedoParstagramApp.app; sourceTree = BUILT_PRODUCTS_DIR; };
		5252AF2A2B059B12000CE6F0 /* AppDelegate.swift */ = {isa = PBXFileReference; lastKnownFileType = sourcecode.swift; path = AppDelegate.swift; sourceTree = "<group>"; };
		5252AF2C2B059B12000CE6F0 /* SceneDelegate.swift */ = {isa = PBXFileReference; lastKnownFileType = sourcecode.swift; path = SceneDelegate.swift; sourceTree = "<group>"; };
		5252AF2E2B059B12000CE6F0 /* ViewController.swift */ = {isa = PBXFileReference; lastKnownFileType = sourcecode.swift; path = ViewController.swift; sourceTree = "<group>"; };
		5252AF312B059B12000CE6F0 /* Base */ = {isa = PBXFileReference; lastKnownFileType = file.storyboard; name = Base; path = Base.lproj/Main.storyboard; sourceTree = "<group>"; };
		5252AF332B059B14000CE6F0 /* Assets.xcassets */ = {isa = PBXFileReference; lastKnownFileType = folder.assetcatalog; path = Assets.xcassets; sourceTree = "<group>"; };
		5252AF362B059B14000CE6F0 /* Base */ = {isa = PBXFileReference; lastKnownFileType = file.storyboard; name = Base; path = Base.lproj/LaunchScreen.storyboard; sourceTree = "<group>"; };
		5252AF382B059B14000CE6F0 /* Info.plist */ = {isa = PBXFileReference; lastKnownFileType = text.plist.xml; path = Info.plist; sourceTree = "<group>"; };
		5252AF3D2B059B14000CE6F0 /* RedoParstagramAppTests.xctest */ = {isa = PBXFileReference; explicitFileType = wrapper.cfbundle; includeInIndex = 0; path = RedoParstagramAppTests.xctest; sourceTree = BUILT_PRODUCTS_DIR; };
		5252AF412B059B14000CE6F0 /* RedoParstagramAppTests.swift */ = {isa = PBXFileReference; lastKnownFileType = sourcecode.swift; path = RedoParstagramAppTests.swift; sourceTree = "<group>"; };
		5252AF472B059B14000CE6F0 /* RedoParstagramAppUITests.xctest */ = {isa = PBXFileReference; explicitFileType = wrapper.cfbundle; includeInIndex = 0; path = RedoParstagramAppUITests.xctest; sourceTree = BUILT_PRODUCTS_DIR; };
		5252AF4B2B059B14000CE6F0 /* RedoParstagramAppUITests.swift */ = {isa = PBXFileReference; lastKnownFileType = sourcecode.swift; path = RedoParstagramAppUITests.swift; sourceTree = "<group>"; };
		5252AF4D2B059B14000CE6F0 /* RedoParstagramAppUITestsLaunchTests.swift */ = {isa = PBXFileReference; lastKnownFileType = sourcecode.swift; path = RedoParstagramAppUITestsLaunchTests.swift; sourceTree = "<group>"; };
		5252AF5A2B05B1C3000CE6F0 /* LoginViewController.swift */ = {isa = PBXFileReference; lastKnownFileType = sourcecode.swift; path = LoginViewController.swift; sourceTree = "<group>"; };
		5252AF5C2B05B20F000CE6F0 /* MainFeedViewController.swift */ = {isa = PBXFileReference; lastKnownFileType = sourcecode.swift; path = MainFeedViewController.swift; sourceTree = "<group>"; };
		5252AF5E2B080E0B000CE6F0 /* CameraViewController.swift */ = {isa = PBXFileReference; lastKnownFileType = sourcecode.swift; path = CameraViewController.swift; sourceTree = "<group>"; };
		52CF17162B3B601E00BD094A /* PostCell.swift */ = {isa = PBXFileReference; lastKnownFileType = sourcecode.swift; path = PostCell.swift; sourceTree = "<group>"; };
		86606837EFCE136B7F15D609 /* Pods-RedoParstagramAppTests.release.xcconfig */ = {isa = PBXFileReference; includeInIndex = 1; lastKnownFileType = text.xcconfig; name = "Pods-RedoParstagramAppTests.release.xcconfig"; path = "Target Support Files/Pods-RedoParstagramAppTests/Pods-RedoParstagramAppTests.release.xcconfig"; sourceTree = "<group>"; };
		AEBB7A966BA2D958BDEF12B5 /* Pods_RedoParstagramApp_RedoParstagramAppUITests.framework */ = {isa = PBXFileReference; explicitFileType = wrapper.framework; includeInIndex = 0; path = Pods_RedoParstagramApp_RedoParstagramAppUITests.framework; sourceTree = BUILT_PRODUCTS_DIR; };
		B2240FD122E4A827A32ECEDD /* Pods-RedoParstagramAppTests.debug.xcconfig */ = {isa = PBXFileReference; includeInIndex = 1; lastKnownFileType = text.xcconfig; name = "Pods-RedoParstagramAppTests.debug.xcconfig"; path = "Target Support Files/Pods-RedoParstagramAppTests/Pods-RedoParstagramAppTests.debug.xcconfig"; sourceTree = "<group>"; };
		D30CA4D61CD741B66880AED4 /* Pods-RedoParstagramApp.debug.xcconfig */ = {isa = PBXFileReference; includeInIndex = 1; lastKnownFileType = text.xcconfig; name = "Pods-RedoParstagramApp.debug.xcconfig"; path = "Target Support Files/Pods-RedoParstagramApp/Pods-RedoParstagramApp.debug.xcconfig"; sourceTree = "<group>"; };
		E36462D7177A2B7199788CB7 /* Pods_RedoParstagramAppTests.framework */ = {isa = PBXFileReference; explicitFileType = wrapper.framework; includeInIndex = 0; path = Pods_RedoParstagramAppTests.framework; sourceTree = BUILT_PRODUCTS_DIR; };
		E6D081F83564409A3DC50CB4 /* Pods-RedoParstagramApp-RedoParstagramAppUITests.release.xcconfig */ = {isa = PBXFileReference; includeInIndex = 1; lastKnownFileType = text.xcconfig; name = "Pods-RedoParstagramApp-RedoParstagramAppUITests.release.xcconfig"; path = "Target Support Files/Pods-RedoParstagramApp-RedoParstagramAppUITests/Pods-RedoParstagramApp-RedoParstagramAppUITests.release.xcconfig"; sourceTree = "<group>"; };
/* End PBXFileReference section */

/* Begin PBXFrameworksBuildPhase section */
		5252AF242B059B12000CE6F0 /* Frameworks */ = {
			isa = PBXFrameworksBuildPhase;
			buildActionMask = 2147483647;
			files = (
				A906B600E71F3F9D7D61849B /* Pods_RedoParstagramApp.framework in Frameworks */,
			);
			runOnlyForDeploymentPostprocessing = 0;
		};
		5252AF3A2B059B14000CE6F0 /* Frameworks */ = {
			isa = PBXFrameworksBuildPhase;
			buildActionMask = 2147483647;
			files = (
				65B68E641B1BDA059363D033 /* Pods_RedoParstagramAppTests.framework in Frameworks */,
			);
			runOnlyForDeploymentPostprocessing = 0;
		};
		5252AF442B059B14000CE6F0 /* Frameworks */ = {
			isa = PBXFrameworksBuildPhase;
			buildActionMask = 2147483647;
			files = (
				636450D38CC254A0DEBE7B8B /* Pods_RedoParstagramApp_RedoParstagramAppUITests.framework in Frameworks */,
			);
			runOnlyForDeploymentPostprocessing = 0;
		};
/* End PBXFrameworksBuildPhase section */

/* Begin PBXGroup section */
		499A560FD535DB57A82DA55E /* Frameworks */ = {
			isa = PBXGroup;
			children = (
				1D254FBD17DB59F7A7FF2AE8 /* Pods_RedoParstagramApp.framework */,
				AEBB7A966BA2D958BDEF12B5 /* Pods_RedoParstagramApp_RedoParstagramAppUITests.framework */,
				E36462D7177A2B7199788CB7 /* Pods_RedoParstagramAppTests.framework */,
			);
			name = Frameworks;
			sourceTree = "<group>";
		};
		5252AF1E2B059B12000CE6F0 = {
			isa = PBXGroup;
			children = (
				5252AF292B059B12000CE6F0 /* RedoParstagramApp */,
				5252AF402B059B14000CE6F0 /* RedoParstagramAppTests */,
				5252AF4A2B059B14000CE6F0 /* RedoParstagramAppUITests */,
				5252AF282B059B12000CE6F0 /* Products */,
				BDB0275626817B56CA8182FF /* Pods */,
				499A560FD535DB57A82DA55E /* Frameworks */,
			);
			sourceTree = "<group>";
		};
		5252AF282B059B12000CE6F0 /* Products */ = {
			isa = PBXGroup;
			children = (
				5252AF272B059B12000CE6F0 /* RedoParstagramApp.app */,
				5252AF3D2B059B14000CE6F0 /* RedoParstagramAppTests.xctest */,
				5252AF472B059B14000CE6F0 /* RedoParstagramAppUITests.xctest */,
			);
			name = Products;
			sourceTree = "<group>";
		};
		5252AF292B059B12000CE6F0 /* RedoParstagramApp */ = {
			isa = PBXGroup;
			children = (
				5252AF2A2B059B12000CE6F0 /* AppDelegate.swift */,
				5252AF2C2B059B12000CE6F0 /* SceneDelegate.swift */,
				5252AF2E2B059B12000CE6F0 /* ViewController.swift */,
				5252AF302B059B12000CE6F0 /* Main.storyboard */,
				52CF17162B3B601E00BD094A /* PostCell.swift */,
				5252AF332B059B14000CE6F0 /* Assets.xcassets */,
				5252AF352B059B14000CE6F0 /* LaunchScreen.storyboard */,
				5252AF382B059B14000CE6F0 /* Info.plist */,
				5252AF5A2B05B1C3000CE6F0 /* LoginViewController.swift */,
				5252AF5C2B05B20F000CE6F0 /* MainFeedViewController.swift */,
				5252AF5E2B080E0B000CE6F0 /* CameraViewController.swift */,
				524D68A52B4502F40029E000 /* CommentCell.swift */,
			);
			path = RedoParstagramApp;
			sourceTree = "<group>";
		};
		5252AF402B059B14000CE6F0 /* RedoParstagramAppTests */ = {
			isa = PBXGroup;
			children = (
				5252AF412B059B14000CE6F0 /* RedoParstagramAppTests.swift */,
			);
			path = RedoParstagramAppTests;
			sourceTree = "<group>";
		};
		5252AF4A2B059B14000CE6F0 /* RedoParstagramAppUITests */ = {
			isa = PBXGroup;
			children = (
				5252AF4B2B059B14000CE6F0 /* RedoParstagramAppUITests.swift */,
				5252AF4D2B059B14000CE6F0 /* RedoParstagramAppUITestsLaunchTests.swift */,
			);
			path = RedoParstagramAppUITests;
			sourceTree = "<group>";
		};
		BDB0275626817B56CA8182FF /* Pods */ = {
			isa = PBXGroup;
			children = (
				D30CA4D61CD741B66880AED4 /* Pods-RedoParstagramApp.debug.xcconfig */,
				3E26D84E10CEF990CA315A70 /* Pods-RedoParstagramApp.release.xcconfig */,
				3C778DDE4AB89C62E2598D5D /* Pods-RedoParstagramApp-RedoParstagramAppUITests.debug.xcconfig */,
				E6D081F83564409A3DC50CB4 /* Pods-RedoParstagramApp-RedoParstagramAppUITests.release.xcconfig */,
				B2240FD122E4A827A32ECEDD /* Pods-RedoParstagramAppTests.debug.xcconfig */,
				86606837EFCE136B7F15D609 /* Pods-RedoParstagramAppTests.release.xcconfig */,
			);
			path = Pods;
			sourceTree = "<group>";
		};
/* End PBXGroup section */

/* Begin PBXNativeTarget section */
		5252AF262B059B12000CE6F0 /* RedoParstagramApp */ = {
			isa = PBXNativeTarget;
			buildConfigurationList = 5252AF512B059B14000CE6F0 /* Build configuration list for PBXNativeTarget "RedoParstagramApp" */;
			buildPhases = (
				4C2DBA9750FC81BB72F6B138 /* [CP] Check Pods Manifest.lock */,
				5252AF232B059B12000CE6F0 /* Sources */,
				5252AF242B059B12000CE6F0 /* Frameworks */,
				5252AF252B059B12000CE6F0 /* Resources */,
				60205C7DB62B5632D2553B3C /* [CP] Embed Pods Frameworks */,
			);
			buildRules = (
			);
			dependencies = (
			);
			name = RedoParstagramApp;
			productName = RedoParstagramApp;
			productReference = 5252AF272B059B12000CE6F0 /* RedoParstagramApp.app */;
			productType = "com.apple.product-type.application";
		};
		5252AF3C2B059B14000CE6F0 /* RedoParstagramAppTests */ = {
			isa = PBXNativeTarget;
			buildConfigurationList = 5252AF542B059B14000CE6F0 /* Build configuration list for PBXNativeTarget "RedoParstagramAppTests" */;
			buildPhases = (
				A9B2ECC5C499C27D2C1E05BA /* [CP] Check Pods Manifest.lock */,
				5252AF392B059B14000CE6F0 /* Sources */,
				5252AF3A2B059B14000CE6F0 /* Frameworks */,
				5252AF3B2B059B14000CE6F0 /* Resources */,
			);
			buildRules = (
			);
			dependencies = (
				5252AF3F2B059B14000CE6F0 /* PBXTargetDependency */,
			);
			name = RedoParstagramAppTests;
			productName = RedoParstagramAppTests;
			productReference = 5252AF3D2B059B14000CE6F0 /* RedoParstagramAppTests.xctest */;
			productType = "com.apple.product-type.bundle.unit-test";
		};
		5252AF462B059B14000CE6F0 /* RedoParstagramAppUITests */ = {
			isa = PBXNativeTarget;
			buildConfigurationList = 5252AF572B059B14000CE6F0 /* Build configuration list for PBXNativeTarget "RedoParstagramAppUITests" */;
			buildPhases = (
				05A31218EAD82A08D3E75470 /* [CP] Check Pods Manifest.lock */,
				5252AF432B059B14000CE6F0 /* Sources */,
				5252AF442B059B14000CE6F0 /* Frameworks */,
				5252AF452B059B14000CE6F0 /* Resources */,
				727590F0E986CE63F7AA3006 /* [CP] Embed Pods Frameworks */,
			);
			buildRules = (
			);
			dependencies = (
				5252AF492B059B14000CE6F0 /* PBXTargetDependency */,
			);
			name = RedoParstagramAppUITests;
			productName = RedoParstagramAppUITests;
			productReference = 5252AF472B059B14000CE6F0 /* RedoParstagramAppUITests.xctest */;
			productType = "com.apple.product-type.bundle.ui-testing";
		};
/* End PBXNativeTarget section */

/* Begin PBXProject section */
		5252AF1F2B059B12000CE6F0 /* Project object */ = {
			isa = PBXProject;
			attributes = {
				BuildIndependentTargetsInParallel = 1;
				LastSwiftUpdateCheck = 1420;
				LastUpgradeCheck = 1420;
				TargetAttributes = {
					5252AF262B059B12000CE6F0 = {
						CreatedOnToolsVersion = 14.2;
					};
					5252AF3C2B059B14000CE6F0 = {
						CreatedOnToolsVersion = 14.2;
						TestTargetID = 5252AF262B059B12000CE6F0;
					};
					5252AF462B059B14000CE6F0 = {
						CreatedOnToolsVersion = 14.2;
						TestTargetID = 5252AF262B059B12000CE6F0;
					};
				};
			};
			buildConfigurationList = 5252AF222B059B12000CE6F0 /* Build configuration list for PBXProject "RedoParstagramApp" */;
			compatibilityVersion = "Xcode 14.0";
			developmentRegion = en;
			hasScannedForEncodings = 0;
			knownRegions = (
				en,
				Base,
			);
			mainGroup = 5252AF1E2B059B12000CE6F0;
			productRefGroup = 5252AF282B059B12000CE6F0 /* Products */;
			projectDirPath = "";
			projectRoot = "";
			targets = (
				5252AF262B059B12000CE6F0 /* RedoParstagramApp */,
				5252AF3C2B059B14000CE6F0 /* RedoParstagramAppTests */,
				5252AF462B059B14000CE6F0 /* RedoParstagramAppUITests */,
			);
		};
/* End PBXProject section */

/* Begin PBXResourcesBuildPhase section */
		5252AF252B059B12000CE6F0 /* Resources */ = {
			isa = PBXResourcesBuildPhase;
			buildActionMask = 2147483647;
			files = (
				5252AF372B059B14000CE6F0 /* LaunchScreen.storyboard in Resources */,
				5252AF342B059B14000CE6F0 /* Assets.xcassets in Resources */,
				5252AF322B059B12000CE6F0 /* Main.storyboard in Resources */,
			);
			runOnlyForDeploymentPostprocessing = 0;
		};
		5252AF3B2B059B14000CE6F0 /* Resources */ = {
			isa = PBXResourcesBuildPhase;
			buildActionMask = 2147483647;
			files = (
			);
			runOnlyForDeploymentPostprocessing = 0;
		};
		5252AF452B059B14000CE6F0 /* Resources */ = {
			isa = PBXResourcesBuildPhase;
			buildActionMask = 2147483647;
			files = (
			);
			runOnlyForDeploymentPostprocessing = 0;
		};
/* End PBXResourcesBuildPhase section */

/* Begin PBXShellScriptBuildPhase section */
		05A31218EAD82A08D3E75470 /* [CP] Check Pods Manifest.lock */ = {
			isa = PBXShellScriptBuildPhase;
			buildActionMask = 2147483647;
			files = (
			);
			inputFileListPaths = (
			);
			inputPaths = (
				"${PODS_PODFILE_DIR_PATH}/Podfile.lock",
				"${PODS_ROOT}/Manifest.lock",
			);
			name = "[CP] Check Pods Manifest.lock";
			outputFileListPaths = (
			);
			outputPaths = (
				"$(DERIVED_FILE_DIR)/Pods-RedoParstagramApp-RedoParstagramAppUITests-checkManifestLockResult.txt",
			);
			runOnlyForDeploymentPostprocessing = 0;
			shellPath = /bin/sh;
			shellScript = "diff \"${PODS_PODFILE_DIR_PATH}/Podfile.lock\" \"${PODS_ROOT}/Manifest.lock\" > /dev/null\nif [ $? != 0 ] ; then\n    # print error to STDERR\n    echo \"error: The sandbox is not in sync with the Podfile.lock. Run 'pod install' or update your CocoaPods installation.\" >&2\n    exit 1\nfi\n# This output is used by Xcode 'outputs' to avoid re-running this script phase.\necho \"SUCCESS\" > \"${SCRIPT_OUTPUT_FILE_0}\"\n";
			showEnvVarsInLog = 0;
		};
		4C2DBA9750FC81BB72F6B138 /* [CP] Check Pods Manifest.lock */ = {
			isa = PBXShellScriptBuildPhase;
			buildActionMask = 2147483647;
			files = (
			);
			inputFileListPaths = (
			);
			inputPaths = (
				"${PODS_PODFILE_DIR_PATH}/Podfile.lock",
				"${PODS_ROOT}/Manifest.lock",
			);
			name = "[CP] Check Pods Manifest.lock";
			outputFileListPaths = (
			);
			outputPaths = (
				"$(DERIVED_FILE_DIR)/Pods-RedoParstagramApp-checkManifestLockResult.txt",
			);
			runOnlyForDeploymentPostprocessing = 0;
			shellPath = /bin/sh;
			shellScript = "diff \"${PODS_PODFILE_DIR_PATH}/Podfile.lock\" \"${PODS_ROOT}/Manifest.lock\" > /dev/null\nif [ $? != 0 ] ; then\n    # print error to STDERR\n    echo \"error: The sandbox is not in sync with the Podfile.lock. Run 'pod install' or update your CocoaPods installation.\" >&2\n    exit 1\nfi\n# This output is used by Xcode 'outputs' to avoid re-running this script phase.\necho \"SUCCESS\" > \"${SCRIPT_OUTPUT_FILE_0}\"\n";
			showEnvVarsInLog = 0;
		};
		60205C7DB62B5632D2553B3C /* [CP] Embed Pods Frameworks */ = {
			isa = PBXShellScriptBuildPhase;
			buildActionMask = 2147483647;
			files = (
			);
			inputFileListPaths = (
				"${PODS_ROOT}/Target Support Files/Pods-RedoParstagramApp/Pods-RedoParstagramApp-frameworks-${CONFIGURATION}-input-files.xcfilelist",
			);
			name = "[CP] Embed Pods Frameworks";
			outputFileListPaths = (
				"${PODS_ROOT}/Target Support Files/Pods-RedoParstagramApp/Pods-RedoParstagramApp-frameworks-${CONFIGURATION}-output-files.xcfilelist",
			);
			runOnlyForDeploymentPostprocessing = 0;
			shellPath = /bin/sh;
			shellScript = "\"${PODS_ROOT}/Target Support Files/Pods-RedoParstagramApp/Pods-RedoParstagramApp-frameworks.sh\"\n";
			showEnvVarsInLog = 0;
		};
		727590F0E986CE63F7AA3006 /* [CP] Embed Pods Frameworks */ = {
			isa = PBXShellScriptBuildPhase;
			buildActionMask = 2147483647;
			files = (
			);
			inputFileListPaths = (
				"${PODS_ROOT}/Target Support Files/Pods-RedoParstagramApp-RedoParstagramAppUITests/Pods-RedoParstagramApp-RedoParstagramAppUITests-frameworks-${CONFIGURATION}-input-files.xcfilelist",
			);
			name = "[CP] Embed Pods Frameworks";
			outputFileListPaths = (
				"${PODS_ROOT}/Target Support Files/Pods-RedoParstagramApp-RedoParstagramAppUITests/Pods-RedoParstagramApp-RedoParstagramAppUITests-frameworks-${CONFIGURATION}-output-files.xcfilelist",
			);
			runOnlyForDeploymentPostprocessing = 0;
			shellPath = /bin/sh;
			shellScript = "\"${PODS_ROOT}/Target Support Files/Pods-RedoParstagramApp-RedoParstagramAppUITests/Pods-RedoParstagramApp-RedoParstagramAppUITests-frameworks.sh\"\n";
			showEnvVarsInLog = 0;
		};
		A9B2ECC5C499C27D2C1E05BA /* [CP] Check Pods Manifest.lock */ = {
			isa = PBXShellScriptBuildPhase;
			buildActionMask = 2147483647;
			files = (
			);
			inputFileListPaths = (
			);
			inputPaths = (
				"${PODS_PODFILE_DIR_PATH}/Podfile.lock",
				"${PODS_ROOT}/Manifest.lock",
			);
			name = "[CP] Check Pods Manifest.lock";
			outputFileListPaths = (
			);
			outputPaths = (
				"$(DERIVED_FILE_DIR)/Pods-RedoParstagramAppTests-checkManifestLockResult.txt",
			);
			runOnlyForDeploymentPostprocessing = 0;
			shellPath = /bin/sh;
			shellScript = "diff \"${PODS_PODFILE_DIR_PATH}/Podfile.lock\" \"${PODS_ROOT}/Manifest.lock\" > /dev/null\nif [ $? != 0 ] ; then\n    # print error to STDERR\n    echo \"error: The sandbox is not in sync with the Podfile.lock. Run 'pod install' or update your CocoaPods installation.\" >&2\n    exit 1\nfi\n# This output is used by Xcode 'outputs' to avoid re-running this script phase.\necho \"SUCCESS\" > \"${SCRIPT_OUTPUT_FILE_0}\"\n";
			showEnvVarsInLog = 0;
		};
/* End PBXShellScriptBuildPhase section */

/* Begin PBXSourcesBuildPhase section */
		5252AF232B059B12000CE6F0 /* Sources */ = {
			isa = PBXSourcesBuildPhase;
			buildActionMask = 2147483647;
			files = (
				52CF17172B3B601E00BD094A /* PostCell.swift in Sources */,
				5252AF5B2B05B1C3000CE6F0 /* LoginViewController.swift in Sources */,
				5252AF5D2B05B20F000CE6F0 /* MainFeedViewController.swift in Sources */,
				5252AF2F2B059B12000CE6F0 /* ViewController.swift in Sources */,
				5252AF2B2B059B12000CE6F0 /* AppDelegate.swift in Sources */,
				5252AF2D2B059B12000CE6F0 /* SceneDelegate.swift in Sources */,
				5252AF5F2B080E0B000CE6F0 /* CameraViewController.swift in Sources */,
				524D68A62B4502F40029E000 /* CommentCell.swift in Sources */,
			);
			runOnlyForDeploymentPostprocessing = 0;
		};
		5252AF392B059B14000CE6F0 /* Sources */ = {
			isa = PBXSourcesBuildPhase;
			buildActionMask = 2147483647;
			files = (
				5252AF422B059B14000CE6F0 /* RedoParstagramAppTests.swift in Sources */,
			);
			runOnlyForDeploymentPostprocessing = 0;
		};
		5252AF432B059B14000CE6F0 /* Sources */ = {
			isa = PBXSourcesBuildPhase;
			buildActionMask = 2147483647;
			files = (
				5252AF4E2B059B14000CE6F0 /* RedoParstagramAppUITestsLaunchTests.swift in Sources */,
				5252AF4C2B059B14000CE6F0 /* RedoParstagramAppUITests.swift in Sources */,
			);
			runOnlyForDeploymentPostprocessing = 0;
		};
/* End PBXSourcesBuildPhase section */

/* Begin PBXTargetDependency section */
		5252AF3F2B059B14000CE6F0 /* PBXTargetDependency */ = {
			isa = PBXTargetDependency;
			target = 5252AF262B059B12000CE6F0 /* RedoParstagramApp */;
			targetProxy = 5252AF3E2B059B14000CE6F0 /* PBXContainerItemProxy */;
		};
		5252AF492B059B14000CE6F0 /* PBXTargetDependency */ = {
			isa = PBXTargetDependency;
			target = 5252AF262B059B12000CE6F0 /* RedoParstagramApp */;
			targetProxy = 5252AF482B059B14000CE6F0 /* PBXContainerItemProxy */;
		};
/* End PBXTargetDependency section */

/* Begin PBXVariantGroup section */
		5252AF302B059B12000CE6F0 /* Main.storyboard */ = {
			isa = PBXVariantGroup;
			children = (
				5252AF312B059B12000CE6F0 /* Base */,
			);
			name = Main.storyboard;
			sourceTree = "<group>";
		};
		5252AF352B059B14000CE6F0 /* LaunchScreen.storyboard */ = {
			isa = PBXVariantGroup;
			children = (
				5252AF362B059B14000CE6F0 /* Base */,
			);
			name = LaunchScreen.storyboard;
			sourceTree = "<group>";
		};
/* End PBXVariantGroup section */

/* Begin XCBuildConfiguration section */
		5252AF4F2B059B14000CE6F0 /* Debug */ = {
			isa = XCBuildConfiguration;
			buildSettings = {
				ALWAYS_SEARCH_USER_PATHS = NO;
				CLANG_ANALYZER_NONNULL = YES;
				CLANG_ANALYZER_NUMBER_OBJECT_CONVERSION = YES_AGGRESSIVE;
				CLANG_CXX_LANGUAGE_STANDARD = "gnu++20";
				CLANG_ENABLE_MODULES = YES;
				CLANG_ENABLE_OBJC_ARC = YES;
				CLANG_ENABLE_OBJC_WEAK = YES;
				CLANG_WARN_BLOCK_CAPTURE_AUTORELEASING = YES;
				CLANG_WARN_BOOL_CONVERSION = YES;
				CLANG_WARN_COMMA = YES;
				CLANG_WARN_CONSTANT_CONVERSION = YES;
				CLANG_WARN_DEPRECATED_OBJC_IMPLEMENTATIONS = YES;
				CLANG_WARN_DIRECT_OBJC_ISA_USAGE = YES_ERROR;
				CLANG_WARN_DOCUMENTATION_COMMENTS = YES;
				CLANG_WARN_EMPTY_BODY = YES;
				CLANG_WARN_ENUM_CONVERSION = YES;
				CLANG_WARN_INFINITE_RECURSION = YES;
				CLANG_WARN_INT_CONVERSION = YES;
				CLANG_WARN_NON_LITERAL_NULL_CONVERSION = YES;
				CLANG_WARN_OBJC_IMPLICIT_RETAIN_SELF = YES;
				CLANG_WARN_OBJC_LITERAL_CONVERSION = YES;
				CLANG_WARN_OBJC_ROOT_CLASS = YES_ERROR;
				CLANG_WARN_QUOTED_INCLUDE_IN_FRAMEWORK_HEADER = YES;
				CLANG_WARN_RANGE_LOOP_ANALYSIS = YES;
				CLANG_WARN_STRICT_PROTOTYPES = YES;
				CLANG_WARN_SUSPICIOUS_MOVE = YES;
				CLANG_WARN_UNGUARDED_AVAILABILITY = YES_AGGRESSIVE;
				CLANG_WARN_UNREACHABLE_CODE = YES;
				CLANG_WARN__DUPLICATE_METHOD_MATCH = YES;
				COPY_PHASE_STRIP = NO;
				DEBUG_INFORMATION_FORMAT = dwarf;
				ENABLE_STRICT_OBJC_MSGSEND = YES;
				ENABLE_TESTABILITY = YES;
				GCC_C_LANGUAGE_STANDARD = gnu11;
				GCC_DYNAMIC_NO_PIC = NO;
				GCC_NO_COMMON_BLOCKS = YES;
				GCC_OPTIMIZATION_LEVEL = 0;
				GCC_PREPROCESSOR_DEFINITIONS = (
					"DEBUG=1",
					"$(inherited)",
				);
				GCC_WARN_64_TO_32_BIT_CONVERSION = YES;
				GCC_WARN_ABOUT_RETURN_TYPE = YES_ERROR;
				GCC_WARN_UNDECLARED_SELECTOR = YES;
				GCC_WARN_UNINITIALIZED_AUTOS = YES_AGGRESSIVE;
				GCC_WARN_UNUSED_FUNCTION = YES;
				GCC_WARN_UNUSED_VARIABLE = YES;
				IPHONEOS_DEPLOYMENT_TARGET = 16.2;
				MTL_ENABLE_DEBUG_INFO = INCLUDE_SOURCE;
				MTL_FAST_MATH = YES;
				ONLY_ACTIVE_ARCH = YES;
				SDKROOT = iphoneos;
				SWIFT_ACTIVE_COMPILATION_CONDITIONS = DEBUG;
				SWIFT_OPTIMIZATION_LEVEL = "-Onone";
			};
			name = Debug;
		};
		5252AF502B059B14000CE6F0 /* Release */ = {
			isa = XCBuildConfiguration;
			buildSettings = {
				ALWAYS_SEARCH_USER_PATHS = NO;
				CLANG_ANALYZER_NONNULL = YES;
				CLANG_ANALYZER_NUMBER_OBJECT_CONVERSION = YES_AGGRESSIVE;
				CLANG_CXX_LANGUAGE_STANDARD = "gnu++20";
				CLANG_ENABLE_MODULES = YES;
				CLANG_ENABLE_OBJC_ARC = YES;
				CLANG_ENABLE_OBJC_WEAK = YES;
				CLANG_WARN_BLOCK_CAPTURE_AUTORELEASING = YES;
				CLANG_WARN_BOOL_CONVERSION = YES;
				CLANG_WARN_COMMA = YES;
				CLANG_WARN_CONSTANT_CONVERSION = YES;
				CLANG_WARN_DEPRECATED_OBJC_IMPLEMENTATIONS = YES;
				CLANG_WARN_DIRECT_OBJC_ISA_USAGE = YES_ERROR;
				CLANG_WARN_DOCUMENTATION_COMMENTS = YES;
				CLANG_WARN_EMPTY_BODY = YES;
				CLANG_WARN_ENUM_CONVERSION = YES;
				CLANG_WARN_INFINITE_RECURSION = YES;
				CLANG_WARN_INT_CONVERSION = YES;
				CLANG_WARN_NON_LITERAL_NULL_CONVERSION = YES;
				CLANG_WARN_OBJC_IMPLICIT_RETAIN_SELF = YES;
				CLANG_WARN_OBJC_LITERAL_CONVERSION = YES;
				CLANG_WARN_OBJC_ROOT_CLASS = YES_ERROR;
				CLANG_WARN_QUOTED_INCLUDE_IN_FRAMEWORK_HEADER = YES;
				CLANG_WARN_RANGE_LOOP_ANALYSIS = YES;
				CLANG_WARN_STRICT_PROTOTYPES = YES;
				CLANG_WARN_SUSPICIOUS_MOVE = YES;
				CLANG_WARN_UNGUARDED_AVAILABILITY = YES_AGGRESSIVE;
				CLANG_WARN_UNREACHABLE_CODE = YES;
				CLANG_WARN__DUPLICATE_METHOD_MATCH = YES;
				COPY_PHASE_STRIP = NO;
				DEBUG_INFORMATION_FORMAT = "dwarf-with-dsym";
				ENABLE_NS_ASSERTIONS = NO;
				ENABLE_STRICT_OBJC_MSGSEND = YES;
				GCC_C_LANGUAGE_STANDARD = gnu11;
				GCC_NO_COMMON_BLOCKS = YES;
				GCC_WARN_64_TO_32_BIT_CONVERSION = YES;
				GCC_WARN_ABOUT_RETURN_TYPE = YES_ERROR;
				GCC_WARN_UNDECLARED_SELECTOR = YES;
				GCC_WARN_UNINITIALIZED_AUTOS = YES_AGGRESSIVE;
				GCC_WARN_UNUSED_FUNCTION = YES;
				GCC_WARN_UNUSED_VARIABLE = YES;
				IPHONEOS_DEPLOYMENT_TARGET = 16.2;
				MTL_ENABLE_DEBUG_INFO = NO;
				MTL_FAST_MATH = YES;
				SDKROOT = iphoneos;
				SWIFT_COMPILATION_MODE = wholemodule;
				SWIFT_OPTIMIZATION_LEVEL = "-O";
				VALIDATE_PRODUCT = YES;
			};
			name = Release;
		};
		5252AF522B059B14000CE6F0 /* Debug */ = {
			isa = XCBuildConfiguration;
			baseConfigurationReference = D30CA4D61CD741B66880AED4 /* Pods-RedoParstagramApp.debug.xcconfig */;
			buildSettings = {
				ASSETCATALOG_COMPILER_APPICON_NAME = AppIcon;
				ASSETCATALOG_COMPILER_GLOBAL_ACCENT_COLOR_NAME = AccentColor;
				CODE_SIGN_STYLE = Automatic;
				CURRENT_PROJECT_VERSION = 1;
				DEVELOPMENT_TEAM = X89MGYD6ML;
				GENERATE_INFOPLIST_FILE = YES;
				INFOPLIST_FILE = RedoParstagramApp/Info.plist;
				INFOPLIST_KEY_UIApplicationSupportsIndirectInputEvents = YES;
				INFOPLIST_KEY_UILaunchStoryboardName = LaunchScreen;
				INFOPLIST_KEY_UIMainStoryboardFile = Main;
				INFOPLIST_KEY_UISupportedInterfaceOrientations_iPad = "UIInterfaceOrientationPortrait UIInterfaceOrientationPortraitUpsideDown UIInterfaceOrientationLandscapeLeft UIInterfaceOrientationLandscapeRight";
				INFOPLIST_KEY_UISupportedInterfaceOrientations_iPhone = "UIInterfaceOrientationPortrait UIInterfaceOrientationLandscapeLeft UIInterfaceOrientationLandscapeRight";
				LD_RUNPATH_SEARCH_PATHS = (
					"$(inherited)",
					"@executable_path/Frameworks",
				);
				MARKETING_VERSION = 1.0;
				PRODUCT_BUNDLE_IDENTIFIER = fau.RedoParstagramApp;
				PRODUCT_NAME = "$(TARGET_NAME)";
				SWIFT_EMIT_LOC_STRINGS = YES;
				SWIFT_VERSION = 5.0;
				TARGETED_DEVICE_FAMILY = "1,2";
			};
			name = Debug;
		};
		5252AF532B059B14000CE6F0 /* Release */ = {
			isa = XCBuildConfiguration;
			baseConfigurationReference = 3E26D84E10CEF990CA315A70 /* Pods-RedoParstagramApp.release.xcconfig */;
			buildSettings = {
				ASSETCATALOG_COMPILER_APPICON_NAME = AppIcon;
				ASSETCATALOG_COMPILER_GLOBAL_ACCENT_COLOR_NAME = AccentColor;
				CODE_SIGN_STYLE = Automatic;
				CURRENT_PROJECT_VERSION = 1;
				DEVELOPMENT_TEAM = X89MGYD6ML;
				GENERATE_INFOPLIST_FILE = YES;
				INFOPLIST_FILE = RedoParstagramApp/Info.plist;
				INFOPLIST_KEY_UIApplicationSupportsIndirectInputEvents = YES;
				INFOPLIST_KEY_UILaunchStoryboardName = LaunchScreen;
				INFOPLIST_KEY_UIMainStoryboardFile = Main;
				INFOPLIST_KEY_UISupportedInterfaceOrientations_iPad = "UIInterfaceOrientationPortrait UIInterfaceOrientationPortraitUpsideDown UIInterfaceOrientationLandscapeLeft UIInterfaceOrientationLandscapeRight";
				INFOPLIST_KEY_UISupportedInterfaceOrientations_iPhone = "UIInterfaceOrientationPortrait UIInterfaceOrientationLandscapeLeft UIInterfaceOrientationLandscapeRight";
				LD_RUNPATH_SEARCH_PATHS = (
					"$(inherited)",
					"@executable_path/Frameworks",
				);
				MARKETING_VERSION = 1.0;
				PRODUCT_BUNDLE_IDENTIFIER = fau.RedoParstagramApp;
				PRODUCT_NAME = "$(TARGET_NAME)";
				SWIFT_EMIT_LOC_STRINGS = YES;
				SWIFT_VERSION = 5.0;
				TARGETED_DEVICE_FAMILY = "1,2";
			};
			name = Release;
		};
		5252AF552B059B14000CE6F0 /* Debug */ = {
			isa = XCBuildConfiguration;
			baseConfigurationReference = B2240FD122E4A827A32ECEDD /* Pods-RedoParstagramAppTests.debug.xcconfig */;
			buildSettings = {
				ALWAYS_EMBED_SWIFT_STANDARD_LIBRARIES = YES;
				BUNDLE_LOADER = "$(TEST_HOST)";
				CODE_SIGN_STYLE = Automatic;
				CURRENT_PROJECT_VERSION = 1;
				DEVELOPMENT_TEAM = X89MGYD6ML;
				GENERATE_INFOPLIST_FILE = YES;
				IPHONEOS_DEPLOYMENT_TARGET = 16.2;
				MARKETING_VERSION = 1.0;
				PRODUCT_BUNDLE_IDENTIFIER = fau.RedoParstagramAppTests;
				PRODUCT_NAME = "$(TARGET_NAME)";
				SWIFT_EMIT_LOC_STRINGS = NO;
				SWIFT_VERSION = 5.0;
				TARGETED_DEVICE_FAMILY = "1,2";
				TEST_HOST = "$(BUILT_PRODUCTS_DIR)/RedoParstagramApp.app/$(BUNDLE_EXECUTABLE_FOLDER_PATH)/RedoParstagramApp";
			};
			name = Debug;
		};
		5252AF562B059B14000CE6F0 /* Release */ = {
			isa = XCBuildConfiguration;
			baseConfigurationReference = 86606837EFCE136B7F15D609 /* Pods-RedoParstagramAppTests.release.xcconfig */;
			buildSettings = {
				ALWAYS_EMBED_SWIFT_STANDARD_LIBRARIES = YES;
				BUNDLE_LOADER = "$(TEST_HOST)";
				CODE_SIGN_STYLE = Automatic;
				CURRENT_PROJECT_VERSION = 1;
				DEVELOPMENT_TEAM = X89MGYD6ML;
				GENERATE_INFOPLIST_FILE = YES;
				IPHONEOS_DEPLOYMENT_TARGET = 16.2;
				MARKETING_VERSION = 1.0;
				PRODUCT_BUNDLE_IDENTIFIER = fau.RedoParstagramAppTests;
				PRODUCT_NAME = "$(TARGET_NAME)";
				SWIFT_EMIT_LOC_STRINGS = NO;
				SWIFT_VERSION = 5.0;
				TARGETED_DEVICE_FAMILY = "1,2";
				TEST_HOST = "$(BUILT_PRODUCTS_DIR)/RedoParstagramApp.app/$(BUNDLE_EXECUTABLE_FOLDER_PATH)/RedoParstagramApp";
			};
			name = Release;
		};
		5252AF582B059B14000CE6F0 /* Debug */ = {
			isa = XCBuildConfiguration;
			baseConfigurationReference = 3C778DDE4AB89C62E2598D5D /* Pods-RedoParstagramApp-RedoParstagramAppUITests.debug.xcconfig */;
			buildSettings = {
				ALWAYS_EMBED_SWIFT_STANDARD_LIBRARIES = YES;
				CODE_SIGN_STYLE = Automatic;
				CURRENT_PROJECT_VERSION = 1;
				DEVELOPMENT_TEAM = X89MGYD6ML;
				GENERATE_INFOPLIST_FILE = YES;
				MARKETING_VERSION = 1.0;
				PRODUCT_BUNDLE_IDENTIFIER = fau.RedoParstagramAppUITests;
				PRODUCT_NAME = "$(TARGET_NAME)";
				SWIFT_EMIT_LOC_STRINGS = NO;
				SWIFT_VERSION = 5.0;
				TARGETED_DEVICE_FAMILY = "1,2";
				TEST_TARGET_NAME = RedoParstagramApp;
			};
			name = Debug;
		};
		5252AF592B059B14000CE6F0 /* Release */ = {
			isa = XCBuildConfiguration;
			baseConfigurationReference = E6D081F83564409A3DC50CB4 /* Pods-RedoParstagramApp-RedoParstagramAppUITests.release.xcconfig */;
			buildSettings = {
				ALWAYS_EMBED_SWIFT_STANDARD_LIBRARIES = YES;
				CODE_SIGN_STYLE = Automatic;
				CURRENT_PROJECT_VERSION = 1;
				DEVELOPMENT_TEAM = X89MGYD6ML;
				GENERATE_INFOPLIST_FILE = YES;
				MARKETING_VERSION = 1.0;
				PRODUCT_BUNDLE_IDENTIFIER = fau.RedoParstagramAppUITests;
				PRODUCT_NAME = "$(TARGET_NAME)";
				SWIFT_EMIT_LOC_STRINGS = NO;
				SWIFT_VERSION = 5.0;
				TARGETED_DEVICE_FAMILY = "1,2";
				TEST_TARGET_NAME = RedoParstagramApp;
			};
			name = Release;
		};
/* End XCBuildConfiguration section */

/* Begin XCConfigurationList section */
		5252AF222B059B12000CE6F0 /* Build configuration list for PBXProject "RedoParstagramApp" */ = {
			isa = XCConfigurationList;
			buildConfigurations = (
				5252AF4F2B059B14000CE6F0 /* Debug */,
				5252AF502B059B14000CE6F0 /* Release */,
			);
			defaultConfigurationIsVisible = 0;
			defaultConfigurationName = Release;
		};
		5252AF512B059B14000CE6F0 /* Build configuration list for PBXNativeTarget "RedoParstagramApp" */ = {
			isa = XCConfigurationList;
			buildConfigurations = (
				5252AF522B059B14000CE6F0 /* Debug */,
				5252AF532B059B14000CE6F0 /* Release */,
			);
			defaultConfigurationIsVisible = 0;
			defaultConfigurationName = Release;
		};
		5252AF542B059B14000CE6F0 /* Build configuration list for PBXNativeTarget "RedoParstagramAppTests" */ = {
			isa = XCConfigurationList;
			buildConfigurations = (
				5252AF552B059B14000CE6F0 /* Debug */,
				5252AF562B059B14000CE6F0 /* Release */,
			);
			defaultConfigurationIsVisible = 0;
			defaultConfigurationName = Release;
		};
		5252AF572B059B14000CE6F0 /* Build configuration list for PBXNativeTarget "RedoParstagramAppUITests" */ = {
			isa = XCConfigurationList;
			buildConfigurations = (
				5252AF582B059B14000CE6F0 /* Debug */,
				5252AF592B059B14000CE6F0 /* Release */,
			);
			defaultConfigurationIsVisible = 0;
			defaultConfigurationName = Release;
		};
/* End XCConfigurationList section */
	};
	rootObject = 5252AF1F2B059B12000CE6F0 /* Project object */;
}
